
Microsoft Visual Studio Solution File, Format Version 12.00
# Visual Studio Version 17
VisualStudioVersion = 17.12.35728.132 d17.12
MinimumVisualStudioVersion = 10.0.40219.1
Project("{FAE04EC0-301F-11D3-BF4B-00C04F79EFBC}") = "JegymesterManager", "JegymesterManager\JegymesterManager.csproj", "{8C3EB29C-9242-42A5-98D1-5850A434B68D}"
EndProject
Project("{FAE04EC0-301F-11D3-BF4B-00C04F79EFBC}") = "Jegymester.DataContext", "Jegymester.DataContext\Jegymester.DataContext.csproj", "{B87299CB-99F3-4CDB-85EF-08796393422A}"
EndProject
Project("{FAE04EC0-301F-11D3-BF4B-00C04F79EFBC}") = "Jegymester.Services", "Jegymester.Services\Jegymester.Services.csproj", "{ED84F337-975D-4183-9769-A2D9D3900B03}"
EndProject
Global
	GlobalSection(SolutionConfigurationPlatforms) = preSolution
		Debug|Any CPU = Debug|Any CPU
		Release|Any CPU = Release|Any CPU
	EndGlobalSection
	GlobalSection(ProjectConfigurationPlatforms) = postSolution
		{8C3EB29C-9242-42A5-98D1-5850A434B68D}.Debug|Any CPU.ActiveCfg = Debug|Any CPU
		{8C3EB29C-9242-42A5-98D1-5850A434B68D}.Debug|Any CPU.Build.0 = Debug|Any CPU
		{8C3EB29C-9242-42A5-98D1-5850A434B68D}.Release|Any CPU.ActiveCfg = Release|Any CPU
		{8C3EB29C-9242-42A5-98D1-5850A434B68D}.Release|Any CPU.Build.0 = Release|Any CPU
		{B87299CB-99F3-4CDB-85EF-08796393422A}.Debug|Any CPU.ActiveCfg = Debug|Any CPU
		{B87299CB-99F3-4CDB-85EF-08796393422A}.Debug|Any CPU.Build.0 = Debug|Any CPU
		{B87299CB-99F3-4CDB-85EF-08796393422A}.Release|Any CPU.ActiveCfg = Release|Any CPU
		{B87299CB-99F3-4CDB-85EF-08796393422A}.Release|Any CPU.Build.0 = Release|Any CPU
		{ED84F337-975D-4183-9769-A2D9D3900B03}.Debug|Any CPU.ActiveCfg = Debug|Any CPU
		{ED84F337-975D-4183-9769-A2D9D3900B03}.Debug|Any CPU.Build.0 = Debug|Any CPU
		{ED84F337-975D-4183-9769-A2D9D3900B03}.Release|Any CPU.ActiveCfg = Release|Any CPU
		{ED84F337-975D-4183-9769-A2D9D3900B03}.Release|Any CPU.Build.0 = Release|Any CPU
	EndGlobalSection
	GlobalSection(SolutionProperties) = preSolution
		HideSolutionNode = FALSE
	EndGlobalSection
EndGlobal
